// !$*UTF8*$!
{
	archiveVersion = 1;
	classes = {
	};
	objectVersion = 46;
	objects = {

/* Begin PBXBuildFile section */
		5BEC3C0B1ED88E09008908CB /* Default-568h@2x.png in Resources */ = {isa = PBXBuildFile; fileRef = 5BEC3C0A1ED88E09008908CB /* Default-568h@2x.png */; };
		F1162B111EA133DA00D1CCAA /* cp2.2.gpx in Resources */ = {isa = PBXBuildFile; fileRef = F1162B101EA133DA00D1CCAA /* cp2.2.gpx */; };
		F1D1CF191EA124B100CB9B81 /* AppDelegate.swift in Sources */ = {isa = PBXBuildFile; fileRef = F1D1CF181EA124B100CB9B81 /* AppDelegate.swift */; };
		F1D1CF1B1EA124B100CB9B81 /* ViewController.swift in Sources */ = {isa = PBXBuildFile; fileRef = F1D1CF1A1EA124B100CB9B81 /* ViewController.swift */; };
		F1D1CF1E1EA124B100CB9B81 /* Main.storyboard in Resources */ = {isa = PBXBuildFile; fileRef = F1D1CF1C1EA124B100CB9B81 /* Main.storyboard */; };
		F1D1CF201EA124B100CB9B81 /* Assets.xcassets in Resources */ = {isa = PBXBuildFile; fileRef = F1D1CF1F1EA124B100CB9B81 /* Assets.xcassets */; };
		F1D1CF231EA124B100CB9B81 /* LaunchScreen.storyboard in Resources */ = {isa = PBXBuildFile; fileRef = F1D1CF211EA124B100CB9B81 /* LaunchScreen.storyboard */; };
/* End PBXBuildFile section */

/* Begin PBXFileReference section */
		5BEC3C0A1ED88E09008908CB /* Default-568h@2x.png */ = {isa = PBXFileReference; lastKnownFileType = image.png; path = "Default-568h@2x.png"; sourceTree = "<group>"; };
		F1162B101EA133DA00D1CCAA /* cp2.2.gpx */ = {isa = PBXFileReference; fileEncoding = 4; lastKnownFileType = text.xml; name = cp2.2.gpx; path = HomeSafe/cp2.2.gpx; sourceTree = "<group>"; };
		F1D1CF151EA124B100CB9B81 /* HomeSafe.app */ = {isa = PBXFileReference; explicitFileType = wrapper.application; includeInIndex = 0; path = HomeSafe.app; sourceTree = BUILT_PRODUCTS_DIR; };
		F1D1CF181EA124B100CB9B81 /* AppDelegate.swift */ = {isa = PBXFileReference; lastKnownFileType = sourcecode.swift; path = AppDelegate.swift; sourceTree = "<group>"; };
		F1D1CF1A1EA124B100CB9B81 /* ViewController.swift */ = {isa = PBXFileReference; lastKnownFileType = sourcecode.swift; path = ViewController.swift; sourceTree = "<group>"; };
		F1D1CF1D1EA124B100CB9B81 /* Base */ = {isa = PBXFileReference; lastKnownFileType = file.storyboard; name = Base; path = Base.lproj/Main.storyboard; sourceTree = "<group>"; };
		F1D1CF1F1EA124B100CB9B81 /* Assets.xcassets */ = {isa = PBXFileReference; lastKnownFileType = folder.assetcatalog; path = Assets.xcassets; sourceTree = "<group>"; };
		F1D1CF221EA124B100CB9B81 /* Base */ = {isa = PBXFileReference; lastKnownFileType = file.storyboard; name = Base; path = Base.lproj/LaunchScreen.storyboard; sourceTree = "<group>"; };
		F1D1CF241EA124B100CB9B81 /* Info.plist */ = {isa = PBXFileReference; lastKnownFileType = text.plist.xml; path = Info.plist; sourceTree = "<group>"; };
/* End PBXFileReference section */

/* Begin PBXFrameworksBuildPhase section */
		F1D1CF121EA124B100CB9B81 /* Frameworks */ = {
			isa = PBXFrameworksBuildPhase;
			buildActionMask = 2147483647;
			files = (
			);
			runOnlyForDeploymentPostprocessing = 0;
		};
/* End PBXFrameworksBuildPhase section */

/* Begin PBXGroup section */
		F1D1CF0C1EA124B100CB9B81 = {
			isa = PBXGroup;
			children = (
				5BEC3C0A1ED88E09008908CB /* Default-568h@2x.png */,
				F1162B101EA133DA00D1CCAA /* cp2.2.gpx */,
				F1D1CF171EA124B100CB9B81 /* HomeSafe */,
				F1D1CF161EA124B100CB9B81 /* Products */,
			);
			sourceTree = "<group>";
		};
		F1D1CF161EA124B100CB9B81 /* Products */ = {
			isa = PBXGroup;
			children = (
				F1D1CF151EA124B100CB9B81 /* HomeSafe.app */,
			);
			name = Products;
			sourceTree = "<group>";
		};
		F1D1CF171EA124B100CB9B81 /* HomeSafe */ = {
			isa = PBXGroup;
			children = (
				F1D1CF181EA124B100CB9B81 /* AppDelegate.swift */,
				F1D1CF1A1EA124B100CB9B81 /* ViewController.swift */,
				F1D1CF1C1EA124B100CB9B81 /* Main.storyboard */,
				F1D1CF1F1EA124B100CB9B81 /* Assets.xcassets */,
				F1D1CF211EA124B100CB9B81 /* LaunchScreen.storyboard */,
				F1D1CF241EA124B100CB9B81 /* Info.plist */,
			);
			path = HomeSafe;
			sourceTree = "<group>";
		};
/* End PBXGroup section */

/* Begin PBXNativeTarget section */
		F1D1CF141EA124B100CB9B81 /* HomeSafe */ = {
			isa = PBXNativeTarget;
			buildConfigurationList = F1D1CF271EA124B100CB9B81 /* Build configuration list for PBXNativeTarget "HomeSafe" */;
			buildPhases = (
				F1D1CF111EA124B100CB9B81 /* Sources */,
				F1D1CF121EA124B100CB9B81 /* Frameworks */,
				F1D1CF131EA124B100CB9B81 /* Resources */,
			);
			buildRules = (
			);
			dependencies = (
			);
			name = HomeSafe;
			productName = HomeSafe;
			productReference = F1D1CF151EA124B100CB9B81 /* HomeSafe.app */;
			productType = "com.apple.product-type.application";
		};
/* End PBXNativeTarget section */

/* Begin PBXProject section */
		F1D1CF0D1EA124B100CB9B81 /* Project object */ = {
			isa = PBXProject;
			attributes = {
				LastSwiftUpdateCheck = 0830;
				LastUpgradeCheck = 0830;
				ORGANIZATIONNAME = "Jim Ho";
				TargetAttributes = {
					F1D1CF141EA124B100CB9B81 = {
						CreatedOnToolsVersion = 8.3.1;
						DevelopmentTeam = VX3B54F7HS;
						ProvisioningStyle = Automatic;
					};
				};
			};
			buildConfigurationList = F1D1CF101EA124B100CB9B81 /* Build configuration list for PBXProject "HomeSafe" */;
			compatibilityVersion = "Xcode 3.2";
			developmentRegion = English;
			hasScannedForEncodings = 0;
			knownRegions = (
				en,
				Base,
			);
			mainGroup = F1D1CF0C1EA124B100CB9B81;
			productRefGroup = F1D1CF161EA124B100CB9B81 /* Products */;
			projectDirPath = "";
			projectRoot = "";
			targets = (
				F1D1CF141EA124B100CB9B81 /* HomeSafe */,
			);
		};
/* End PBXProject section */

/* Begin PBXResourcesBuildPhase section */
		F1D1CF131EA124B100CB9B81 /* Resources */ = {
			isa = PBXResourcesBuildPhase;
			buildActionMask = 2147483647;
			files = (
				F1D1CF231EA124B100CB9B81 /* LaunchScreen.storyboard in Resources */,
				F1D1CF201EA124B100CB9B81 /* Assets.xcassets in Resources */,
				F1D1CF1E1EA124B100CB9B81 /* Main.storyboard in Resources */,
				5BEC3C0B1ED88E09008908CB /* Default-568h@2x.png in Resources */,
				F1162B111EA133DA00D1CCAA /* cp2.2.gpx in Resources */,
			);
			runOnlyForDeploymentPostprocessing = 0;
		};
/* End PBXResourcesBuildPhase section */

/* Begin PBXSourcesBuildPhase section */
		F1D1CF111EA124B100CB9B81 /* Sources */ = {
			isa = PBXSourcesBuildPhase;
			buildActionMask = 2147483647;
			files = (
				F1D1CF1B1EA124B100CB9B81 /* ViewController.swift in Sources */,
				F1D1CF191EA124B100CB9B81 /* AppDelegate.swift in Sources */,
			);
			runOnlyForDeploymentPostprocessing = 0;
		};
/* End PBXSourcesBuildPhase section */

/* Begin PBXVariantGroup section */
		F1D1CF1C1EA124B100CB9B81 /* Main.storyboard */ = {
			isa = PBXVariantGroup;
			children = (
				F1D1CF1D1EA124B100CB9B81 /* Base */,
			);
			name = Main.storyboard;
			sourceTree = "<group>";
		};
		F1D1CF211EA124B100CB9B81 /* LaunchScreen.storyboard */ = {
			isa = PBXVariantGroup;
			children = (
				F1D1CF221EA124B100CB9B81 /* Base */,
			);
			name = LaunchScreen.storyboard;
			sourceTree = "<group>";
		};
/* End PBXVariantGroup section */

/* Begin XCBuildConfiguration section */
		F1D1CF251EA124B100CB9B81 /* Debug */ = {
			isa = XCBuildConfiguration;
			buildSettings = {
				ALWAYS_SEARCH_USER_PATHS = NO;
				CLANG_ANALYZER_NONNULL = YES;
				CLANG_ANALYZER_NUMBER_OBJECT_CONVERSION = YES_AGGRESSIVE;
				CLANG_CXX_LANGUAGE_STANDARD = "gnu++0x";
				CLANG_CXX_LIBRARY = "libc++";
				CLANG_ENABLE_MODULES = YES;
				CLANG_ENABLE_OBJC_ARC = YES;
				CLANG_WARN_BOOL_CONVERSION = YES;
				CLANG_WARN_CONSTANT_CONVERSION = YES;
				CLANG_WARN_DIRECT_OBJC_ISA_USAGE = YES_ERROR;
				CLANG_WARN_DOCUMENTATION_COMMENTS = YES;
				CLANG_WARN_EMPTY_BODY = YES;
				CLANG_WARN_ENUM_CONVERSION = YES;
				CLANG_WARN_INFINITE_RECURSION = YES;
				CLANG_WARN_INT_CONVERSION = YES;
				CLANG_WARN_OBJC_ROOT_CLASS = YES_ERROR;
				CLANG_WARN_SUSPICIOUS_MOVE = YES;
				CLANG_WARN_UNREACHABLE_CODE = YES;
				CLANG_WARN__DUPLICATE_METHOD_MATCH = YES;
				"CODE_SIGN_IDENTITY[sdk=iphoneos*]" = "iPhone Developer";
				COPY_PHASE_STRIP = NO;
				DEBUG_INFORMATION_FORMAT = dwarf;
				ENABLE_STRICT_OBJC_MSGSEND = YES;
				ENABLE_TESTABILITY = YES;
				GCC_C_LANGUAGE_STANDARD = gnu99;
				GCC_DYNAMIC_NO_PIC = NO;
				GCC_NO_COMMON_BLOCKS = YES;
				GCC_OPTIMIZATION_LEVEL = 0;
				GCC_PREPROCESSOR_DEFINITIONS = (
					"DEBUG=1",
					"$(inherited)",
				);
				GCC_WARN_64_TO_32_BIT_CONVERSION = YES;
				GCC_WARN_ABOUT_RETURN_TYPE = YES_ERROR;
				GCC_WARN_UNDECLARED_SELECTOR = YES;
				GCC_WARN_UNINITIALIZED_AUTOS = YES_AGGRESSIVE;
				GCC_WARN_UNUSED_FUNCTION = YES;
				GCC_WARN_UNUSED_VARIABLE = YES;
				IPHONEOS_DEPLOYMENT_TARGET = 10.3;
				MTL_ENABLE_DEBUG_INFO = YES;
				ONLY_ACTIVE_ARCH = YES;
				SDKROOT = iphoneos;
				SWIFT_ACTIVE_COMPILATION_CONDITIONS = DEBUG;
				SWIFT_OPTIMIZATION_LEVEL = "-Onone";
				TARGETED_DEVICE_FAMILY = "1,2";
			};
			name = Debug;
		};
		F1D1CF261EA124B100CB9B81 /* Release */ = {
			isa = XCBuildConfiguration;
			buildSettings = {
				ALWAYS_SEARCH_USER_PATHS = NO;
				CLANG_ANALYZER_NONNULL = YES;
				CLANG_ANALYZER_NUMBER_OBJECT_CONVERSION = YES_AGGRESSIVE;
				CLANG_CXX_LANGUAGE_STANDARD = "gnu++0x";
				CLANG_CXX_LIBRARY = "libc++";
				CLANG_ENABLE_MODULES = YES;
				CLANG_ENABLE_OBJC_ARC = YES;
				CLANG_WARN_BOOL_CONVERSION = YES;
				CLANG_WARN_CONSTANT_CONVERSION = YES;
				CLANG_WARN_DIRECT_OBJC_ISA_USAGE = YES_ERROR;
				CLANG_WARN_DOCUMENTATION_COMMENTS = YES;
				CLANG_WARN_EMPTY_BODY = YES;
				CLANG_WARN_ENUM_CONVERSION = YES;
				CLANG_WARN_INFINITE_RECURSION = YES;
				CLANG_WARN_INT_CONVERSION = YES;
				CLANG_WARN_OBJC_ROOT_CLASS = YES_ERROR;
				CLANG_WARN_SUSPICIOUS_MOVE = YES;
				CLANG_WARN_UNREACHABLE_CODE = YES;
				CLANG_WARN__DUPLICATE_METHOD_MATCH = YES;
				"CODE_SIGN_IDENTITY[sdk=iphoneos*]" = "iPhone Developer";
				COPY_PHASE_STRIP = NO;
				DEBUG_INFORMATION_FORMAT = "dwarf-with-dsym";
				ENABLE_NS_ASSERTIONS = NO;
				ENABLE_STRICT_OBJC_MSGSEND = YES;
				GCC_C_LANGUAGE_STANDARD = gnu99;
				GCC_NO_COMMON_BLOCKS = YES;
				GCC_WARN_64_TO_32_BIT_CONVERSION = YES;
				GCC_WARN_ABOUT_RETURN_TYPE = YES_ERROR;
				GCC_WARN_UNDECLARED_SELECTOR = YES;
				GCC_WARN_UNINITIALIZED_AUTOS = YES_AGGRESSIVE;
				GCC_WARN_UNUSED_FUNCTION = YES;
				GCC_WARN_UNUSED_VARIABLE = YES;
				IPHONEOS_DEPLOYMENT_TARGET = 10.3;
				MTL_ENABLE_DEBUG_INFO = NO;
				SDKROOT = iphoneos;
				SWIFT_OPTIMIZATION_LEVEL = "-Owholemodule";
				TARGETED_DEVICE_FAMILY = "1,2";
				VALIDATE_PRODUCT = YES;
			};
			name = Release;
		};
		F1D1CF281EA124B100CB9B81 /* Debug */ = {
			isa = XCBuildConfiguration;
			buildSettings = {
				DEVELOPMENT_TEAM = VX3B54F7HS;
				INFOPLIST_FILE = HomeSafe/Info.plist;
				LD_RUNPATH_SEARCH_PATHS = "$(inherited) @executable_path/Frameworks";
				PRODUCT_BUNDLE_IDENTIFIER = com.hojim;
				PRODUCT_NAME = "$(TARGET_NAME)";
				SWIFT_VERSION = 3.0;
			};
			name = Debug;
		};
		F1D1CF291EA124B100CB9B81 /* Release */ = {
			isa = XCBuildConfiguration;
			buildSettings = {
				DEVELOPMENT_TEAM = VX3B54F7HS;
				INFOPLIST_FILE = HomeSafe/Info.plist;
				LD_RUNPATH_SEARCH_PATHS = "$(inherited) @executable_path/Frameworks";
				PRODUCT_BUNDLE_IDENTIFIER = com.hojim;
				PRODUCT_NAME = "$(TARGET_NAME)";
				SWIFT_VERSION = 3.0;
			};
			name = Release;
		};
/* End XCBuildConfiguration section */

/* Begin XCConfigurationList section */
		F1D1CF101EA124B100CB9B81 /* Build configuration list for PBXProject "HomeSafe" */ = {
			isa = XCConfigurationList;
			buildConfigurations = (
				F1D1CF251EA124B100CB9B81 /* Debug */,
				F1D1CF261EA124B100CB9B81 /* Release */,
			);
			defaultConfigurationIsVisible = 0;
			defaultConfigurationName = Release;
		};
		F1D1CF271EA124B100CB9B81 /* Build configuration list for PBXNativeTarget "HomeSafe" */ = {
			isa = XCConfigurationList;
			buildConfigurations = (
				F1D1CF281EA124B100CB9B81 /* Debug */,
				F1D1CF291EA124B100CB9B81 /* Release */,
			);
			defaultConfigurationIsVisible = 0;
			defaultConfigurationName = Release;
		};
/* End XCConfigurationList section */
	};
	rootObject = F1D1CF0D1EA124B100CB9B81 /* Project object */;
}
